// !$*UTF8*$!
{
	archiveVersion = 1;
	classes = {
	};
	objectVersion = 77;
	objects = {

/* Begin PBXBuildFile section */
		0385862B2D814AEF00778C77 /* LICENSE.txt in Resources */ = {isa = PBXBuildFile; fileRef = 038586272D814AEF00778C77 /* LICENSE.txt */; };
		0385862C2D814AEF00778C77 /* README.md in Resources */ = {isa = PBXBuildFile; fileRef = 038586282D814AEF00778C77 /* README.md */; };
/* End PBXBuildFile section */

/* Begin PBXContainerItemProxy section */
		033C96B92D7E4D8F0094D251 /* PBXContainerItemProxy */ = {
			isa = PBXContainerItemProxy;
			containerPortal = 033C969F2D7E4D8E0094D251 /* Project object */;
			proxyType = 1;
			remoteGlobalIDString = 033C96A62D7E4D8E0094D251;
			remoteInfo = "Arkham Proxies";
		};
		033C96C32D7E4D8F0094D251 /* PBXContainerItemProxy */ = {
			isa = PBXContainerItemProxy;
			containerPortal = 033C969F2D7E4D8E0094D251 /* Project object */;
			proxyType = 1;
			remoteGlobalIDString = 033C96A62D7E4D8E0094D251;
			remoteInfo = "Arkham Proxies";
		};
/* End PBXContainerItemProxy section */

/* Begin PBXFileReference section */
		033C96A72D7E4D8E0094D251 /* Arkham Proxies.app */ = {isa = PBXFileReference; explicitFileType = wrapper.application; includeInIndex = 0; path = "Arkham Proxies.app"; sourceTree = BUILT_PRODUCTS_DIR; };
		033C96B82D7E4D8F0094D251 /* Arkham ProxiesTests.xctest */ = {isa = PBXFileReference; explicitFileType = wrapper.cfbundle; includeInIndex = 0; path = "Arkham ProxiesTests.xctest"; sourceTree = BUILT_PRODUCTS_DIR; };
		033C96C22D7E4D8F0094D251 /* Arkham ProxiesUITests.xctest */ = {isa = PBXFileReference; explicitFileType = wrapper.cfbundle; includeInIndex = 0; path = "Arkham ProxiesUITests.xctest"; sourceTree = BUILT_PRODUCTS_DIR; };
		038586272D814AEF00778C77 /* LICENSE.txt */ = {isa = PBXFileReference; lastKnownFileType = text; path = LICENSE.txt; sourceTree = "<group>"; };
		038586282D814AEF00778C77 /* README.md */ = {isa = PBXFileReference; lastKnownFileType = net.daringfireball.markdown; path = README.md; sourceTree = "<group>"; };
/* End PBXFileReference section */

/* Begin PBXFileSystemSynchronizedRootGroup section */
		033C96A92D7E4D8E0094D251 /* Arkham Proxies */ = {
			isa = PBXFileSystemSynchronizedRootGroup;
			path = "Arkham Proxies";
			sourceTree = "<group>";
		};
		033C96BB2D7E4D8F0094D251 /* Arkham ProxiesTests */ = {
			isa = PBXFileSystemSynchronizedRootGroup;
			path = "Arkham ProxiesTests";
			sourceTree = "<group>";
		};
		033C96C52D7E4D8F0094D251 /* Arkham ProxiesUITests */ = {
			isa = PBXFileSystemSynchronizedRootGroup;
			path = "Arkham ProxiesUITests";
			sourceTree = "<group>";
		};
/* End PBXFileSystemSynchronizedRootGroup section */

/* Begin PBXFrameworksBuildPhase section */
		033C96A42D7E4D8E0094D251 /* Frameworks */ = {
			isa = PBXFrameworksBuildPhase;
			buildActionMask = 2147483647;
			files = (
			);
			runOnlyForDeploymentPostprocessing = 0;
		};
		033C96B52D7E4D8F0094D251 /* Frameworks */ = {
			isa = PBXFrameworksBuildPhase;
			buildActionMask = 2147483647;
			files = (
			);
			runOnlyForDeploymentPostprocessing = 0;
		};
		033C96BF2D7E4D8F0094D251 /* Frameworks */ = {
			isa = PBXFrameworksBuildPhase;
			buildActionMask = 2147483647;
			files = (
			);
			runOnlyForDeploymentPostprocessing = 0;
		};
/* End PBXFrameworksBuildPhase section */

/* Begin PBXGroup section */
		033C969E2D7E4D8E0094D251 = {
			isa = PBXGroup;
			children = (
				038586282D814AEF00778C77 /* README.md */,
				038586272D814AEF00778C77 /* LICENSE.txt */,
				033C96A92D7E4D8E0094D251 /* Arkham Proxies */,
				033C96BB2D7E4D8F0094D251 /* Arkham ProxiesTests */,
				033C96C52D7E4D8F0094D251 /* Arkham ProxiesUITests */,
				033C96A82D7E4D8E0094D251 /* Products */,
			);
			sourceTree = "<group>";
		};
		033C96A82D7E4D8E0094D251 /* Products */ = {
			isa = PBXGroup;
			children = (
				033C96A72D7E4D8E0094D251 /* Arkham Proxies.app */,
				033C96B82D7E4D8F0094D251 /* Arkham ProxiesTests.xctest */,
				033C96C22D7E4D8F0094D251 /* Arkham ProxiesUITests.xctest */,
			);
			name = Products;
			sourceTree = "<group>";
		};
/* End PBXGroup section */

/* Begin PBXNativeTarget section */
		033C96A62D7E4D8E0094D251 /* Arkham Proxies */ = {
			isa = PBXNativeTarget;
			buildConfigurationList = 033C96CC2D7E4D8F0094D251 /* Build configuration list for PBXNativeTarget "Arkham Proxies" */;
			buildPhases = (
				033C96A32D7E4D8E0094D251 /* Sources */,
				033C96A42D7E4D8E0094D251 /* Frameworks */,
				033C96A52D7E4D8E0094D251 /* Resources */,
			);
			buildRules = (
			);
			dependencies = (
			);
			fileSystemSynchronizedGroups = (
				033C96A92D7E4D8E0094D251 /* Arkham Proxies */,
			);
			name = "Arkham Proxies";
			packageProductDependencies = (
			);
			productName = "Arkham Proxies";
			productReference = 033C96A72D7E4D8E0094D251 /* Arkham Proxies.app */;
			productType = "com.apple.product-type.application";
		};
		033C96B72D7E4D8F0094D251 /* Arkham ProxiesTests */ = {
			isa = PBXNativeTarget;
			buildConfigurationList = 033C96CF2D7E4D8F0094D251 /* Build configuration list for PBXNativeTarget "Arkham ProxiesTests" */;
			buildPhases = (
				033C96B42D7E4D8F0094D251 /* Sources */,
				033C96B52D7E4D8F0094D251 /* Frameworks */,
				033C96B62D7E4D8F0094D251 /* Resources */,
			);
			buildRules = (
			);
			dependencies = (
				033C96BA2D7E4D8F0094D251 /* PBXTargetDependency */,
			);
			fileSystemSynchronizedGroups = (
				033C96BB2D7E4D8F0094D251 /* Arkham ProxiesTests */,
			);
			name = "Arkham ProxiesTests";
			packageProductDependencies = (
			);
			productName = "Arkham ProxiesTests";
			productReference = 033C96B82D7E4D8F0094D251 /* Arkham ProxiesTests.xctest */;
			productType = "com.apple.product-type.bundle.unit-test";
		};
		033C96C12D7E4D8F0094D251 /* Arkham ProxiesUITests */ = {
			isa = PBXNativeTarget;
			buildConfigurationList = 033C96D22D7E4D8F0094D251 /* Build configuration list for PBXNativeTarget "Arkham ProxiesUITests" */;
			buildPhases = (
				033C96BE2D7E4D8F0094D251 /* Sources */,
				033C96BF2D7E4D8F0094D251 /* Frameworks */,
				033C96C02D7E4D8F0094D251 /* Resources */,
			);
			buildRules = (
			);
			dependencies = (
				033C96C42D7E4D8F0094D251 /* PBXTargetDependency */,
			);
			fileSystemSynchronizedGroups = (
				033C96C52D7E4D8F0094D251 /* Arkham ProxiesUITests */,
			);
			name = "Arkham ProxiesUITests";
			packageProductDependencies = (
			);
			productName = "Arkham ProxiesUITests";
			productReference = 033C96C22D7E4D8F0094D251 /* Arkham ProxiesUITests.xctest */;
			productType = "com.apple.product-type.bundle.ui-testing";
		};
/* End PBXNativeTarget section */

/* Begin PBXProject section */
		033C969F2D7E4D8E0094D251 /* Project object */ = {
			isa = PBXProject;
			attributes = {
				BuildIndependentTargetsInParallel = 1;
				LastSwiftUpdateCheck = 1620;
				LastUpgradeCheck = 1620;
				TargetAttributes = {
					033C96A62D7E4D8E0094D251 = {
						CreatedOnToolsVersion = 16.2;
					};
					033C96B72D7E4D8F0094D251 = {
						CreatedOnToolsVersion = 16.2;
						TestTargetID = 033C96A62D7E4D8E0094D251;
					};
					033C96C12D7E4D8F0094D251 = {
						CreatedOnToolsVersion = 16.2;
						TestTargetID = 033C96A62D7E4D8E0094D251;
					};
				};
			};
			buildConfigurationList = 033C96A22D7E4D8E0094D251 /* Build configuration list for PBXProject "Arkham Proxies" */;
			developmentRegion = en;
			hasScannedForEncodings = 0;
			knownRegions = (
				en,
				Base,
			);
			mainGroup = 033C969E2D7E4D8E0094D251;
			minimizedProjectReferenceProxies = 1;
			preferredProjectObjectVersion = 77;
			productRefGroup = 033C96A82D7E4D8E0094D251 /* Products */;
			projectDirPath = "";
			projectRoot = "";
			targets = (
				033C96A62D7E4D8E0094D251 /* Arkham Proxies */,
				033C96B72D7E4D8F0094D251 /* Arkham ProxiesTests */,
				033C96C12D7E4D8F0094D251 /* Arkham ProxiesUITests */,
			);
		};
/* End PBXProject section */

/* Begin PBXResourcesBuildPhase section */
		033C96A52D7E4D8E0094D251 /* Resources */ = {
			isa = PBXResourcesBuildPhase;
			buildActionMask = 2147483647;
			files = (
				0385862B2D814AEF00778C77 /* LICENSE.txt in Resources */,
				0385862C2D814AEF00778C77 /* README.md in Resources */,
			);
			runOnlyForDeploymentPostprocessing = 0;
		};
		033C96B62D7E4D8F0094D251 /* Resources */ = {
			isa = PBXResourcesBuildPhase;
			buildActionMask = 2147483647;
			files = (
			);
			runOnlyForDeploymentPostprocessing = 0;
		};
		033C96C02D7E4D8F0094D251 /* Resources */ = {
			isa = PBXResourcesBuildPhase;
			buildActionMask = 2147483647;
			files = (
			);
			runOnlyForDeploymentPostprocessing = 0;
		};
/* End PBXResourcesBuildPhase section */

/* Begin PBXSourcesBuildPhase section */
		033C96A32D7E4D8E0094D251 /* Sources */ = {
			isa = PBXSourcesBuildPhase;
			buildActionMask = 2147483647;
			files = (
			);
			runOnlyForDeploymentPostprocessing = 0;
		};
		033C96B42D7E4D8F0094D251 /* Sources */ = {
			isa = PBXSourcesBuildPhase;
			buildActionMask = 2147483647;
			files = (
			);
			runOnlyForDeploymentPostprocessing = 0;
		};
		033C96BE2D7E4D8F0094D251 /* Sources */ = {
			isa = PBXSourcesBuildPhase;
			buildActionMask = 2147483647;
			files = (
			);
			runOnlyForDeploymentPostprocessing = 0;
		};
/* End PBXSourcesBuildPhase section */

/* Begin PBXTargetDependency section */
		033C96BA2D7E4D8F0094D251 /* PBXTargetDependency */ = {
			isa = PBXTargetDependency;
			target = 033C96A62D7E4D8E0094D251 /* Arkham Proxies */;
			targetProxy = 033C96B92D7E4D8F0094D251 /* PBXContainerItemProxy */;
		};
		033C96C42D7E4D8F0094D251 /* PBXTargetDependency */ = {
			isa = PBXTargetDependency;
			target = 033C96A62D7E4D8E0094D251 /* Arkham Proxies */;
			targetProxy = 033C96C32D7E4D8F0094D251 /* PBXContainerItemProxy */;
		};
/* End PBXTargetDependency section */

/* Begin XCBuildConfiguration section */
		033C96CA2D7E4D8F0094D251 /* Debug */ = {
			isa = XCBuildConfiguration;
			buildSettings = {
				ALWAYS_SEARCH_USER_PATHS = NO;
				ASSETCATALOG_COMPILER_GENERATE_SWIFT_ASSET_SYMBOL_EXTENSIONS = YES;
				CLANG_ANALYZER_NONNULL = YES;
				CLANG_ANALYZER_NUMBER_OBJECT_CONVERSION = YES_AGGRESSIVE;
				CLANG_CXX_LANGUAGE_STANDARD = "gnu++20";
				CLANG_ENABLE_MODULES = YES;
				CLANG_ENABLE_OBJC_ARC = YES;
				CLANG_ENABLE_OBJC_WEAK = YES;
				CLANG_WARN_BLOCK_CAPTURE_AUTORELEASING = YES;
				CLANG_WARN_BOOL_CONVERSION = YES;
				CLANG_WARN_COMMA = YES;
				CLANG_WARN_CONSTANT_CONVERSION = YES;
				CLANG_WARN_DEPRECATED_OBJC_IMPLEMENTATIONS = YES;
				CLANG_WARN_DIRECT_OBJC_ISA_USAGE = YES_ERROR;
				CLANG_WARN_DOCUMENTATION_COMMENTS = YES;
				CLANG_WARN_EMPTY_BODY = YES;
				CLANG_WARN_ENUM_CONVERSION = YES;
				CLANG_WARN_INFINITE_RECURSION = YES;
				CLANG_WARN_INT_CONVERSION = YES;
				CLANG_WARN_NON_LITERAL_NULL_CONVERSION = YES;
				CLANG_WARN_OBJC_IMPLICIT_RETAIN_SELF = YES;
				CLANG_WARN_OBJC_LITERAL_CONVERSION = YES;
				CLANG_WARN_OBJC_ROOT_CLASS = YES_ERROR;
				CLANG_WARN_QUOTED_INCLUDE_IN_FRAMEWORK_HEADER = YES;
				CLANG_WARN_RANGE_LOOP_ANALYSIS = YES;
				CLANG_WARN_STRICT_PROTOTYPES = YES;
				CLANG_WARN_SUSPICIOUS_MOVE = YES;
				CLANG_WARN_UNGUARDED_AVAILABILITY = YES_AGGRESSIVE;
				CLANG_WARN_UNREACHABLE_CODE = YES;
				CLANG_WARN__DUPLICATE_METHOD_MATCH = YES;
				COPY_PHASE_STRIP = NO;
				DEBUG_INFORMATION_FORMAT = dwarf;
				ENABLE_STRICT_OBJC_MSGSEND = YES;
				ENABLE_TESTABILITY = YES;
				ENABLE_USER_SCRIPT_SANDBOXING = YES;
				GCC_C_LANGUAGE_STANDARD = gnu17;
				GCC_DYNAMIC_NO_PIC = NO;
				GCC_NO_COMMON_BLOCKS = YES;
				GCC_OPTIMIZATION_LEVEL = 0;
				GCC_PREPROCESSOR_DEFINITIONS = (
					"DEBUG=1",
					"$(inherited)",
				);
				GCC_WARN_64_TO_32_BIT_CONVERSION = YES;
				GCC_WARN_ABOUT_RETURN_TYPE = YES_ERROR;
				GCC_WARN_UNDECLARED_SELECTOR = YES;
				GCC_WARN_UNINITIALIZED_AUTOS = YES_AGGRESSIVE;
				GCC_WARN_UNUSED_FUNCTION = YES;
				GCC_WARN_UNUSED_VARIABLE = YES;
				LOCALIZATION_PREFERS_STRING_CATALOGS = YES;
				MTL_ENABLE_DEBUG_INFO = INCLUDE_SOURCE;
				MTL_FAST_MATH = YES;
				ONLY_ACTIVE_ARCH = YES;
				SWIFT_ACTIVE_COMPILATION_CONDITIONS = "DEBUG $(inherited)";
				SWIFT_OPTIMIZATION_LEVEL = "-Onone";
			};
			name = Debug;
		};
		033C96CB2D7E4D8F0094D251 /* Release */ = {
			isa = XCBuildConfiguration;
			buildSettings = {
				ALWAYS_SEARCH_USER_PATHS = NO;
				ASSETCATALOG_COMPILER_GENERATE_SWIFT_ASSET_SYMBOL_EXTENSIONS = YES;
				CLANG_ANALYZER_NONNULL = YES;
				CLANG_ANALYZER_NUMBER_OBJECT_CONVERSION = YES_AGGRESSIVE;
				CLANG_CXX_LANGUAGE_STANDARD = "gnu++20";
				CLANG_ENABLE_MODULES = YES;
				CLANG_ENABLE_OBJC_ARC = YES;
				CLANG_ENABLE_OBJC_WEAK = YES;
				CLANG_WARN_BLOCK_CAPTURE_AUTORELEASING = YES;
				CLANG_WARN_BOOL_CONVERSION = YES;
				CLANG_WARN_COMMA = YES;
				CLANG_WARN_CONSTANT_CONVERSION = YES;
				CLANG_WARN_DEPRECATED_OBJC_IMPLEMENTATIONS = YES;
				CLANG_WARN_DIRECT_OBJC_ISA_USAGE = YES_ERROR;
				CLANG_WARN_DOCUMENTATION_COMMENTS = YES;
				CLANG_WARN_EMPTY_BODY = YES;
				CLANG_WARN_ENUM_CONVERSION = YES;
				CLANG_WARN_INFINITE_RECURSION = YES;
				CLANG_WARN_INT_CONVERSION = YES;
				CLANG_WARN_NON_LITERAL_NULL_CONVERSION = YES;
				CLANG_WARN_OBJC_IMPLICIT_RETAIN_SELF = YES;
				CLANG_WARN_OBJC_LITERAL_CONVERSION = YES;
				CLANG_WARN_OBJC_ROOT_CLASS = YES_ERROR;
				CLANG_WARN_QUOTED_INCLUDE_IN_FRAMEWORK_HEADER = YES;
				CLANG_WARN_RANGE_LOOP_ANALYSIS = YES;
				CLANG_WARN_STRICT_PROTOTYPES = YES;
				CLANG_WARN_SUSPICIOUS_MOVE = YES;
				CLANG_WARN_UNGUARDED_AVAILABILITY = YES_AGGRESSIVE;
				CLANG_WARN_UNREACHABLE_CODE = YES;
				CLANG_WARN__DUPLICATE_METHOD_MATCH = YES;
				COPY_PHASE_STRIP = NO;
				DEBUG_INFORMATION_FORMAT = "dwarf-with-dsym";
				ENABLE_NS_ASSERTIONS = NO;
				ENABLE_STRICT_OBJC_MSGSEND = YES;
				ENABLE_USER_SCRIPT_SANDBOXING = YES;
				GCC_C_LANGUAGE_STANDARD = gnu17;
				GCC_NO_COMMON_BLOCKS = YES;
				GCC_WARN_64_TO_32_BIT_CONVERSION = YES;
				GCC_WARN_ABOUT_RETURN_TYPE = YES_ERROR;
				GCC_WARN_UNDECLARED_SELECTOR = YES;
				GCC_WARN_UNINITIALIZED_AUTOS = YES_AGGRESSIVE;
				GCC_WARN_UNUSED_FUNCTION = YES;
				GCC_WARN_UNUSED_VARIABLE = YES;
				LOCALIZATION_PREFERS_STRING_CATALOGS = YES;
				MTL_ENABLE_DEBUG_INFO = NO;
				MTL_FAST_MATH = YES;
				SWIFT_COMPILATION_MODE = wholemodule;
			};
			name = Release;
		};
		033C96CD2D7E4D8F0094D251 /* Debug */ = {
			isa = XCBuildConfiguration;
			buildSettings = {
				ASSETCATALOG_COMPILER_APPICON_NAME = AppIcon;
				ASSETCATALOG_COMPILER_GLOBAL_ACCENT_COLOR_NAME = AccentColor;
				ASSETCATALOG_COMPILER_INCLUDE_ALL_APPICON_ASSETS = YES;
				CODE_SIGN_ENTITLEMENTS = "Arkham Proxies/Arkham_Proxies.entitlements";
				CODE_SIGN_STYLE = Automatic;
				CURRENT_PROJECT_VERSION = 4;
				DEVELOPMENT_ASSET_PATHS = "\"Arkham Proxies/Preview Content\"";
				DEVELOPMENT_TEAM = PM34H2JW88;
				ENABLE_HARDENED_RUNTIME = YES;
				ENABLE_PREVIEWS = YES;
				GENERATE_INFOPLIST_FILE = YES;
				INFOPLIST_KEY_CFBundleDisplayName = "Arahm Proxies";
				INFOPLIST_KEY_LSApplicationCategoryType = "public.app-category.entertainment";
				"INFOPLIST_KEY_UIApplicationSceneManifest_Generation[sdk=iphoneos*]" = YES;
				"INFOPLIST_KEY_UIApplicationSceneManifest_Generation[sdk=iphonesimulator*]" = YES;
				"INFOPLIST_KEY_UIApplicationSupportsIndirectInputEvents[sdk=iphoneos*]" = YES;
				"INFOPLIST_KEY_UIApplicationSupportsIndirectInputEvents[sdk=iphonesimulator*]" = YES;
				"INFOPLIST_KEY_UILaunchScreen_Generation[sdk=iphoneos*]" = YES;
				"INFOPLIST_KEY_UILaunchScreen_Generation[sdk=iphonesimulator*]" = YES;
				"INFOPLIST_KEY_UIStatusBarStyle[sdk=iphoneos*]" = UIStatusBarStyleDefault;
				"INFOPLIST_KEY_UIStatusBarStyle[sdk=iphonesimulator*]" = UIStatusBarStyleDefault;
				INFOPLIST_KEY_UISupportedInterfaceOrientations_iPad = "UIInterfaceOrientationPortrait UIInterfaceOrientationPortraitUpsideDown UIInterfaceOrientationLandscapeLeft UIInterfaceOrientationLandscapeRight";
				INFOPLIST_KEY_UISupportedInterfaceOrientations_iPhone = "UIInterfaceOrientationPortrait UIInterfaceOrientationLandscapeLeft UIInterfaceOrientationLandscapeRight";
				IPHONEOS_DEPLOYMENT_TARGET = 18.2;
				LD_RUNPATH_SEARCH_PATHS = "@executable_path/Frameworks";
				"LD_RUNPATH_SEARCH_PATHS[sdk=macosx*]" = "@executable_path/../Frameworks";
				MACOSX_DEPLOYMENT_TARGET = 15.2;
				MARKETING_VERSION = 1.0;
				PRODUCT_BUNDLE_IDENTIFIER = "net.valdemar.Arkham-Proxies";
				PRODUCT_NAME = "$(TARGET_NAME)";
				SDKROOT = auto;
				SUPPORTED_PLATFORMS = macosx;
				SUPPORTS_MACCATALYST = NO;
				SWIFT_EMIT_LOC_STRINGS = YES;
				SWIFT_VERSION = 5.0;
				XROS_DEPLOYMENT_TARGET = 2.2;
			};
			name = Debug;
		};
		033C96CE2D7E4D8F0094D251 /* Release */ = {
			isa = XCBuildConfiguration;
			buildSettings = {
				ASSETCATALOG_COMPILER_APPICON_NAME = AppIcon;
				ASSETCATALOG_COMPILER_GLOBAL_ACCENT_COLOR_NAME = AccentColor;
				ASSETCATALOG_COMPILER_INCLUDE_ALL_APPICON_ASSETS = YES;
				CODE_SIGN_ENTITLEMENTS = "Arkham Proxies/Arkham_Proxies.entitlements";
				CODE_SIGN_STYLE = Automatic;
				CURRENT_PROJECT_VERSION = 4;
				DEVELOPMENT_ASSET_PATHS = "\"Arkham Proxies/Preview Content\"";
				DEVELOPMENT_TEAM = PM34H2JW88;
				ENABLE_HARDENED_RUNTIME = YES;
				ENABLE_PREVIEWS = YES;
				GENERATE_INFOPLIST_FILE = YES;
				INFOPLIST_KEY_CFBundleDisplayName = "Arahm Proxies";
				INFOPLIST_KEY_LSApplicationCategoryType = "public.app-category.entertainment";
				"INFOPLIST_KEY_UIApplicationSceneManifest_Generation[sdk=iphoneos*]" = YES;
				"INFOPLIST_KEY_UIApplicationSceneManifest_Generation[sdk=iphonesimulator*]" = YES;
				"INFOPLIST_KEY_UIApplicationSupportsIndirectInputEvents[sdk=iphoneos*]" = YES;
				"INFOPLIST_KEY_UIApplicationSupportsIndirectInputEvents[sdk=iphonesimulator*]" = YES;
				"INFOPLIST_KEY_UILaunchScreen_Generation[sdk=iphoneos*]" = YES;
				"INFOPLIST_KEY_UILaunchScreen_Generation[sdk=iphonesimulator*]" = YES;
				"INFOPLIST_KEY_UIStatusBarStyle[sdk=iphoneos*]" = UIStatusBarStyleDefault;
				"INFOPLIST_KEY_UIStatusBarStyle[sdk=iphonesimulator*]" = UIStatusBarStyleDefault;
				INFOPLIST_KEY_UISupportedInterfaceOrientations_iPad = "UIInterfaceOrientationPortrait UIInterfaceOrientationPortraitUpsideDown UIInterfaceOrientationLandscapeLeft UIInterfaceOrientationLandscapeRight";
				INFOPLIST_KEY_UISupportedInterfaceOrientations_iPhone = "UIInterfaceOrientationPortrait UIInterfaceOrientationLandscapeLeft UIInterfaceOrientationLandscapeRight";
				IPHONEOS_DEPLOYMENT_TARGET = 18.2;
				LD_RUNPATH_SEARCH_PATHS = "@executable_path/Frameworks";
				"LD_RUNPATH_SEARCH_PATHS[sdk=macosx*]" = "@executable_path/../Frameworks";
				MACOSX_DEPLOYMENT_TARGET = 15.2;
				MARKETING_VERSION = 1.0;
				PRODUCT_BUNDLE_IDENTIFIER = "net.valdemar.Arkham-Proxies";
				PRODUCT_NAME = "$(TARGET_NAME)";
				SDKROOT = auto;
				SUPPORTED_PLATFORMS = macosx;
				SUPPORTS_MACCATALYST = NO;
				SWIFT_EMIT_LOC_STRINGS = YES;
				SWIFT_VERSION = 5.0;
				XROS_DEPLOYMENT_TARGET = 2.2;
			};
			name = Release;
		};
		033C96D02D7E4D8F0094D251 /* Debug */ = {
			isa = XCBuildConfiguration;
			buildSettings = {
				BUNDLE_LOADER = "$(TEST_HOST)";
				CODE_SIGN_STYLE = Automatic;
				CURRENT_PROJECT_VERSION = 1;
				DEVELOPMENT_TEAM = S9T3KB489W;
				GENERATE_INFOPLIST_FILE = YES;
				IPHONEOS_DEPLOYMENT_TARGET = 18.2;
				MACOSX_DEPLOYMENT_TARGET = 15.2;
				MARKETING_VERSION = 1.0;
				PRODUCT_BUNDLE_IDENTIFIER = "com.oliver.Arkham-ProxiesTests";
				PRODUCT_NAME = "$(TARGET_NAME)";
				SDKROOT = auto;
				SUPPORTED_PLATFORMS = macosx;
				SUPPORTS_MACCATALYST = NO;
				SWIFT_EMIT_LOC_STRINGS = NO;
				SWIFT_VERSION = 5.0;
				TEST_HOST = "$(BUILT_PRODUCTS_DIR)/Arkham Proxies.app/$(BUNDLE_EXECUTABLE_FOLDER_PATH)/Arkham Proxies";
				XROS_DEPLOYMENT_TARGET = 2.2;
			};
			name = Debug;
		};
		033C96D12D7E4D8F0094D251 /* Release */ = {
			isa = XCBuildConfiguration;
			buildSettings = {
				BUNDLE_LOADER = "$(TEST_HOST)";
				CODE_SIGN_STYLE = Automatic;
				CURRENT_PROJECT_VERSION = 1;
				DEVELOPMENT_TEAM = S9T3KB489W;
				GENERATE_INFOPLIST_FILE = YES;
				IPHONEOS_DEPLOYMENT_TARGET = 18.2;
				MACOSX_DEPLOYMENT_TARGET = 15.2;
				MARKETING_VERSION = 1.0;
				PRODUCT_BUNDLE_IDENTIFIER = "com.oliver.Arkham-ProxiesTests";
				PRODUCT_NAME = "$(TARGET_NAME)";
				SDKROOT = auto;
				SUPPORTED_PLATFORMS = macosx;
				SUPPORTS_MACCATALYST = NO;
				SWIFT_EMIT_LOC_STRINGS = NO;
				SWIFT_VERSION = 5.0;
				TEST_HOST = "$(BUILT_PRODUCTS_DIR)/Arkham Proxies.app/$(BUNDLE_EXECUTABLE_FOLDER_PATH)/Arkham Proxies";
				XROS_DEPLOYMENT_TARGET = 2.2;
			};
			name = Release;
		};
		033C96D32D7E4D8F0094D251 /* Debug */ = {
			isa = XCBuildConfiguration;
			buildSettings = {
				CODE_SIGN_STYLE = Automatic;
				CURRENT_PROJECT_VERSION = 1;
				DEVELOPMENT_TEAM = S9T3KB489W;
				GENERATE_INFOPLIST_FILE = YES;
				IPHONEOS_DEPLOYMENT_TARGET = 18.2;
				MACOSX_DEPLOYMENT_TARGET = 15.2;
				MARKETING_VERSION = 1.0;
				PRODUCT_BUNDLE_IDENTIFIER = "com.oliver.Arkham-ProxiesUITests";
				PRODUCT_NAME = "$(TARGET_NAME)";
				SDKROOT = auto;
				SUPPORTED_PLATFORMS = macosx;
				SUPPORTS_MACCATALYST = NO;
				SWIFT_EMIT_LOC_STRINGS = NO;
				SWIFT_VERSION = 5.0;
				TEST_TARGET_NAME = "Arkham Proxies";
				XROS_DEPLOYMENT_TARGET = 2.2;
			};
			name = Debug;
		};
		033C96D42D7E4D8F0094D251 /* Release */ = {
			isa = XCBuildConfiguration;
			buildSettings = {
				CODE_SIGN_STYLE = Automatic;
				CURRENT_PROJECT_VERSION = 1;
				DEVELOPMENT_TEAM = S9T3KB489W;
				GENERATE_INFOPLIST_FILE = YES;
				IPHONEOS_DEPLOYMENT_TARGET = 18.2;
				MACOSX_DEPLOYMENT_TARGET = 15.2;
				MARKETING_VERSION = 1.0;
				PRODUCT_BUNDLE_IDENTIFIER = "com.oliver.Arkham-ProxiesUITests";
				PRODUCT_NAME = "$(TARGET_NAME)";
				SDKROOT = auto;
				SUPPORTED_PLATFORMS = macosx;
				SUPPORTS_MACCATALYST = NO;
				SWIFT_EMIT_LOC_STRINGS = NO;
				SWIFT_VERSION = 5.0;
				TEST_TARGET_NAME = "Arkham Proxies";
				XROS_DEPLOYMENT_TARGET = 2.2;
			};
			name = Release;
		};
/* End XCBuildConfiguration section */

/* Begin XCConfigurationList section */
		033C96A22D7E4D8E0094D251 /* Build configuration list for PBXProject "Arkham Proxies" */ = {
			isa = XCConfigurationList;
			buildConfigurations = (
				033C96CA2D7E4D8F0094D251 /* Debug */,
				033C96CB2D7E4D8F0094D251 /* Release */,
			);
			defaultConfigurationIsVisible = 0;
			defaultConfigurationName = Release;
		};
		033C96CC2D7E4D8F0094D251 /* Build configuration list for PBXNativeTarget "Arkham Proxies" */ = {
			isa = XCConfigurationList;
			buildConfigurations = (
				033C96CD2D7E4D8F0094D251 /* Debug */,
				033C96CE2D7E4D8F0094D251 /* Release */,
			);
			defaultConfigurationIsVisible = 0;
			defaultConfigurationName = Release;
		};
		033C96CF2D7E4D8F0094D251 /* Build configuration list for PBXNativeTarget "Arkham ProxiesTests" */ = {
			isa = XCConfigurationList;
			buildConfigurations = (
				033C96D02D7E4D8F0094D251 /* Debug */,
				033C96D12D7E4D8F0094D251 /* Release */,
			);
			defaultConfigurationIsVisible = 0;
			defaultConfigurationName = Release;
		};
		033C96D22D7E4D8F0094D251 /* Build configuration list for PBXNativeTarget "Arkham ProxiesUITests" */ = {
			isa = XCConfigurationList;
			buildConfigurations = (
				033C96D32D7E4D8F0094D251 /* Debug */,
				033C96D42D7E4D8F0094D251 /* Release */,
			);
			defaultConfigurationIsVisible = 0;
			defaultConfigurationName = Release;
		};
/* End XCConfigurationList section */
	};
	rootObject = 033C969F2D7E4D8E0094D251 /* Project object */;
}
